
Microsoft Visual Studio Solution File, Format Version 12.00
# Visual Studio Version 16
VisualStudioVersion = 16.0.31613.86
MinimumVisualStudioVersion = 10.0.40219.1
Project("{FAE04EC0-301F-11D3-BF4B-00C04F79EFBC}") = "VotacaoApi", "VotacaoApi\VotacaoApi.csproj", "{05FC3E53-2A09-4119-B429-F0D37DDEEA10}"
EndProject
Project("{FAE04EC0-301F-11D3-BF4B-00C04F79EFBC}") = "Votacao.Domain", "Votacao.Domain\Votacao.Domain.csproj", "{ED9315EE-2D44-4A73-AE5C-C0D1270C2B4F}"
EndProject
Project("{FAE04EC0-301F-11D3-BF4B-00C04F79EFBC}") = "Votacao.Infra", "Votacao.Infra\Votacao.Infra.csproj", "{A1E16F9E-7BC2-452D-BB65-7B5ABDC7D063}"
EndProject
Project("{FAE04EC0-301F-11D3-BF4B-00C04F79EFBC}") = "Votacao.Infra.Data", "Votacao.Infra.Data\Votacao.Infra.Data.csproj", "{BDAD7A11-7E40-4EE1-96AA-51A8A5C32009}"
EndProject
Global
	GlobalSection(SolutionConfigurationPlatforms) = preSolution
		Debug|Any CPU = Debug|Any CPU
		Release|Any CPU = Release|Any CPU
	EndGlobalSection
	GlobalSection(ProjectConfigurationPlatforms) = postSolution
		{05FC3E53-2A09-4119-B429-F0D37DDEEA10}.Debug|Any CPU.ActiveCfg = Debug|Any CPU
		{05FC3E53-2A09-4119-B429-F0D37DDEEA10}.Debug|Any CPU.Build.0 = Debug|Any CPU
		{05FC3E53-2A09-4119-B429-F0D37DDEEA10}.Release|Any CPU.ActiveCfg = Release|Any CPU
		{05FC3E53-2A09-4119-B429-F0D37DDEEA10}.Release|Any CPU.Build.0 = Release|Any CPU
		{ED9315EE-2D44-4A73-AE5C-C0D1270C2B4F}.Debug|Any CPU.ActiveCfg = Debug|Any CPU
		{ED9315EE-2D44-4A73-AE5C-C0D1270C2B4F}.Debug|Any CPU.Build.0 = Debug|Any CPU
		{ED9315EE-2D44-4A73-AE5C-C0D1270C2B4F}.Release|Any CPU.ActiveCfg = Release|Any CPU
		{ED9315EE-2D44-4A73-AE5C-C0D1270C2B4F}.Release|Any CPU.Build.0 = Release|Any CPU
		{A1E16F9E-7BC2-452D-BB65-7B5ABDC7D063}.Debug|Any CPU.ActiveCfg = Debug|Any CPU
		{A1E16F9E-7BC2-452D-BB65-7B5ABDC7D063}.Debug|Any CPU.Build.0 = Debug|Any CPU
		{A1E16F9E-7BC2-452D-BB65-7B5ABDC7D063}.Release|Any CPU.ActiveCfg = Release|Any CPU
		{A1E16F9E-7BC2-452D-BB65-7B5ABDC7D063}.Release|Any CPU.Build.0 = Release|Any CPU
		{BDAD7A11-7E40-4EE1-96AA-51A8A5C32009}.Debug|Any CPU.ActiveCfg = Debug|Any CPU
		{BDAD7A11-7E40-4EE1-96AA-51A8A5C32009}.Debug|Any CPU.Build.0 = Debug|Any CPU
		{BDAD7A11-7E40-4EE1-96AA-51A8A5C32009}.Release|Any CPU.ActiveCfg = Release|Any CPU
		{BDAD7A11-7E40-4EE1-96AA-51A8A5C32009}.Release|Any CPU.Build.0 = Release|Any CPU
	EndGlobalSection
	GlobalSection(SolutionProperties) = preSolution
		HideSolutionNode = FALSE
	EndGlobalSection
	GlobalSection(ExtensibilityGlobals) = postSolution
		SolutionGuid = {17E02901-1B07-4C5B-ADA7-899B9D790E72}
	EndGlobalSection
EndGlobal
